
Microsoft Visual Studio Solution File, Format Version 12.00
# Visual Studio 15
VisualStudioVersion = 15.0.26124.0
MinimumVisualStudioVersion = 15.0.26124.0
Project("{9A19103F-16F7-4668-BE54-9A1E7A4F7556}") = "Worldpay.Sdk", "Worldpay.Sdk\Worldpay.Sdk.csproj", "{AF3AD6E9-B046-4EF4-8BD8-3CF7223ACC91}"
EndProject
Project("{9A19103F-16F7-4668-BE54-9A1E7A4F7556}") = "Worldpay.Sdk.Test", "Worldpay.Sdk.Test\Worldpay.Sdk.Test.csproj", "{53C53E94-7780-4B81-BB78-55A8F5FF7710}"
EndProject
Project("{2150E333-8FDC-42A3-9474-1A3956D46DE8}") = "Solution Items", "Solution Items", "{D1495E06-B19C-4753-975F-28B16DC131E9}"
	ProjectSection(SolutionItems) = preProject
		Changes.txt = Changes.txt
		ReadMe.txt = ReadMe.txt
	EndProjectSection
EndProject
Global
	GlobalSection(SolutionConfigurationPlatforms) = preSolution
		Debug|Any CPU = Debug|Any CPU
		Debug|x64 = Debug|x64
		Debug|x86 = Debug|x86
		Release|Any CPU = Release|Any CPU
		Release|x64 = Release|x64
		Release|x86 = Release|x86
	EndGlobalSection
	GlobalSection(ProjectConfigurationPlatforms) = postSolution
		{AF3AD6E9-B046-4EF4-8BD8-3CF7223ACC91}.Debug|Any CPU.ActiveCfg = Debug|Any CPU
		{AF3AD6E9-B046-4EF4-8BD8-3CF7223ACC91}.Debug|Any CPU.Build.0 = Debug|Any CPU
		{AF3AD6E9-B046-4EF4-8BD8-3CF7223ACC91}.Debug|x64.ActiveCfg = Debug|Any CPU
		{AF3AD6E9-B046-4EF4-8BD8-3CF7223ACC91}.Debug|x64.Build.0 = Debug|Any CPU
		{AF3AD6E9-B046-4EF4-8BD8-3CF7223ACC91}.Debug|x86.ActiveCfg = Debug|Any CPU
		{AF3AD6E9-B046-4EF4-8BD8-3CF7223ACC91}.Debug|x86.Build.0 = Debug|Any CPU
		{AF3AD6E9-B046-4EF4-8BD8-3CF7223ACC91}.Release|Any CPU.ActiveCfg = Release|Any CPU
		{AF3AD6E9-B046-4EF4-8BD8-3CF7223ACC91}.Release|Any CPU.Build.0 = Release|Any CPU
		{AF3AD6E9-B046-4EF4-8BD8-3CF7223ACC91}.Release|x64.ActiveCfg = Release|Any CPU
		{AF3AD6E9-B046-4EF4-8BD8-3CF7223ACC91}.Release|x64.Build.0 = Release|Any CPU
		{AF3AD6E9-B046-4EF4-8BD8-3CF7223ACC91}.Release|x86.ActiveCfg = Release|Any CPU
		{AF3AD6E9-B046-4EF4-8BD8-3CF7223ACC91}.Release|x86.Build.0 = Release|Any CPU
		{53C53E94-7780-4B81-BB78-55A8F5FF7710}.Debug|Any CPU.ActiveCfg = Debug|Any CPU
		{53C53E94-7780-4B81-BB78-55A8F5FF7710}.Debug|Any CPU.Build.0 = Debug|Any CPU
		{53C53E94-7780-4B81-BB78-55A8F5FF7710}.Debug|x64.ActiveCfg = Debug|Any CPU
		{53C53E94-7780-4B81-BB78-55A8F5FF7710}.Debug|x64.Build.0 = Debug|Any CPU
		{53C53E94-7780-4B81-BB78-55A8F5FF7710}.Debug|x86.ActiveCfg = Debug|Any CPU
		{53C53E94-7780-4B81-BB78-55A8F5FF7710}.Debug|x86.Build.0 = Debug|Any CPU
		{53C53E94-7780-4B81-BB78-55A8F5FF7710}.Release|Any CPU.ActiveCfg = Release|Any CPU
		{53C53E94-7780-4B81-BB78-55A8F5FF7710}.Release|Any CPU.Build.0 = Release|Any CPU
		{53C53E94-7780-4B81-BB78-55A8F5FF7710}.Release|x64.ActiveCfg = Release|Any CPU
		{53C53E94-7780-4B81-BB78-55A8F5FF7710}.Release|x64.Build.0 = Release|Any CPU
		{53C53E94-7780-4B81-BB78-55A8F5FF7710}.Release|x86.ActiveCfg = Release|Any CPU
		{53C53E94-7780-4B81-BB78-55A8F5FF7710}.Release|x86.Build.0 = Release|Any CPU
	EndGlobalSection
	GlobalSection(SolutionProperties) = preSolution
		HideSolutionNode = FALSE
	EndGlobalSection
	GlobalSection(ExtensibilityGlobals) = postSolution
		SolutionGuid = {E46CBB9D-A97F-4C39-B9FB-915AAD241DCB}
	EndGlobalSection
EndGlobal
